// !$*UTF8*$!
{
	archiveVersion = 1;
	classes = {
	};
	objectVersion = 48;
	objects = {

/* Begin PBXBuildFile section */
		62F1D33B206579630036977E /* UIView+Layout.swift in Sources */ = {isa = PBXBuildFile; fileRef = 62F1D33A206579630036977E /* UIView+Layout.swift */; };
		62F1D34B206983690036977E /* Date+Formatter.swift in Sources */ = {isa = PBXBuildFile; fileRef = 62F1D34A206983690036977E /* Date+Formatter.swift */; };
		6E141C0A2065A9780047D3A6 /* MovieDetailViewController.swift in Sources */ = {isa = PBXBuildFile; fileRef = 6E141C092065A9780047D3A6 /* MovieDetailViewController.swift */; };
		6E141C0C2065AE760047D3A6 /* MovieDetailDataSource.swift in Sources */ = {isa = PBXBuildFile; fileRef = 6E141C0B2065AE760047D3A6 /* MovieDetailDataSource.swift */; };
		6E141C0E2065B0070047D3A6 /* UITableView+ReusableView.swift in Sources */ = {isa = PBXBuildFile; fileRef = 6E141C0D2065B0070047D3A6 /* UITableView+ReusableView.swift */; };
		6E141C102065B32D0047D3A6 /* MoviePosterTableViewCell.swift in Sources */ = {isa = PBXBuildFile; fileRef = 6E141C0F2065B32D0047D3A6 /* MoviePosterTableViewCell.swift */; };
		6E141C12206933F20047D3A6 /* MovieGenreTableViewCell.swift in Sources */ = {isa = PBXBuildFile; fileRef = 6E141C11206933F20047D3A6 /* MovieGenreTableViewCell.swift */; };
		6E141C14206934100047D3A6 /* MovieOverviewTableViewCell.swift in Sources */ = {isa = PBXBuildFile; fileRef = 6E141C13206934100047D3A6 /* MovieOverviewTableViewCell.swift */; };
		BA18249720654743004405A3 /* AppDelegate.swift in Sources */ = {isa = PBXBuildFile; fileRef = BA18249620654743004405A3 /* AppDelegate.swift */; };
		BA18249E20654743004405A3 /* Assets.xcassets in Resources */ = {isa = PBXBuildFile; fileRef = BA18249D20654743004405A3 /* Assets.xcassets */; };
		BA1824A120654743004405A3 /* LaunchScreen.storyboard in Resources */ = {isa = PBXBuildFile; fileRef = BA18249F20654743004405A3 /* LaunchScreen.storyboard */; };
		BA1824AF20655E83004405A3 /* MoviesListViewController.swift in Sources */ = {isa = PBXBuildFile; fileRef = BA1824AE20655E83004405A3 /* MoviesListViewController.swift */; };
		BA1824B12065608D004405A3 /* MoviesListDataSource.swift in Sources */ = {isa = PBXBuildFile; fileRef = BA1824B02065608D004405A3 /* MoviesListDataSource.swift */; };
		BA1824B420656154004405A3 /* MovieCollectionViewCell.swift in Sources */ = {isa = PBXBuildFile; fileRef = BA1824B320656154004405A3 /* MovieCollectionViewCell.swift */; };
		BA1824B6206562E0004405A3 /* MoviesListInteractor.swift in Sources */ = {isa = PBXBuildFile; fileRef = BA1824B5206562E0004405A3 /* MoviesListInteractor.swift */; };
		BA1824B8206563CF004405A3 /* MoviesListPresenter.swift in Sources */ = {isa = PBXBuildFile; fileRef = BA1824B7206563CF004405A3 /* MoviesListPresenter.swift */; };
		BA1824BB20656847004405A3 /* Genre.swift in Sources */ = {isa = PBXBuildFile; fileRef = BA1824BA20656847004405A3 /* Genre.swift */; };
		BA1824BD2065684D004405A3 /* Movie.swift in Sources */ = {isa = PBXBuildFile; fileRef = BA1824BC2065684D004405A3 /* Movie.swift */; };
		BA1824BF206587C3004405A3 /* ImageFetcher.swift in Sources */ = {isa = PBXBuildFile; fileRef = BA1824BE206587C3004405A3 /* ImageFetcher.swift */; };
		BA1824C520658998004405A3 /* ReusableView.swift in Sources */ = {isa = PBXBuildFile; fileRef = BA1824C420658998004405A3 /* ReusableView.swift */; };
		BA1824C7206589B5004405A3 /* UIView+ReusableView.swift in Sources */ = {isa = PBXBuildFile; fileRef = BA1824C6206589B5004405A3 /* UIView+ReusableView.swift */; };
		BA1824C920658A01004405A3 /* UICollectionView+ReusableView.swift in Sources */ = {isa = PBXBuildFile; fileRef = BA1824C820658A01004405A3 /* UICollectionView+ReusableView.swift */; };
		BA1824CB20658C53004405A3 /* UIScreen+Proportions.swift in Sources */ = {isa = PBXBuildFile; fileRef = BA1824CA20658C53004405A3 /* UIScreen+Proportions.swift */; };
		BA1824CD20658CB7004405A3 /* CGFloat+Proportions.swift in Sources */ = {isa = PBXBuildFile; fileRef = BA1824CC20658CB7004405A3 /* CGFloat+Proportions.swift */; };
		BA1824D020659035004405A3 /* UIColor+App.swift in Sources */ = {isa = PBXBuildFile; fileRef = BA1824CF20659035004405A3 /* UIColor+App.swift */; };
/* End PBXBuildFile section */

/* Begin PBXFileReference section */
		62F1D33A206579630036977E /* UIView+Layout.swift */ = {isa = PBXFileReference; lastKnownFileType = sourcecode.swift; path = "UIView+Layout.swift"; sourceTree = "<group>"; };
		62F1D34A206983690036977E /* Date+Formatter.swift */ = {isa = PBXFileReference; lastKnownFileType = sourcecode.swift; path = "Date+Formatter.swift"; sourceTree = "<group>"; };
		6E141C092065A9780047D3A6 /* MovieDetailViewController.swift */ = {isa = PBXFileReference; lastKnownFileType = sourcecode.swift; path = MovieDetailViewController.swift; sourceTree = "<group>"; };
		6E141C0B2065AE760047D3A6 /* MovieDetailDataSource.swift */ = {isa = PBXFileReference; lastKnownFileType = sourcecode.swift; path = MovieDetailDataSource.swift; sourceTree = "<group>"; };
		6E141C0D2065B0070047D3A6 /* UITableView+ReusableView.swift */ = {isa = PBXFileReference; lastKnownFileType = sourcecode.swift; path = "UITableView+ReusableView.swift"; sourceTree = "<group>"; };
		6E141C0F2065B32D0047D3A6 /* MoviePosterTableViewCell.swift */ = {isa = PBXFileReference; lastKnownFileType = sourcecode.swift; path = MoviePosterTableViewCell.swift; sourceTree = "<group>"; };
		6E141C11206933F20047D3A6 /* MovieGenreTableViewCell.swift */ = {isa = PBXFileReference; lastKnownFileType = sourcecode.swift; path = MovieGenreTableViewCell.swift; sourceTree = "<group>"; };
		6E141C13206934100047D3A6 /* MovieOverviewTableViewCell.swift */ = {isa = PBXFileReference; lastKnownFileType = sourcecode.swift; path = MovieOverviewTableViewCell.swift; sourceTree = "<group>"; };
		BA18249320654743004405A3 /* CsBootcamp.app */ = {isa = PBXFileReference; explicitFileType = wrapper.application; includeInIndex = 0; path = CsBootcamp.app; sourceTree = BUILT_PRODUCTS_DIR; };
		BA18249620654743004405A3 /* AppDelegate.swift */ = {isa = PBXFileReference; lastKnownFileType = sourcecode.swift; path = AppDelegate.swift; sourceTree = "<group>"; };
		BA18249D20654743004405A3 /* Assets.xcassets */ = {isa = PBXFileReference; lastKnownFileType = folder.assetcatalog; path = Assets.xcassets; sourceTree = "<group>"; };
		BA1824A020654743004405A3 /* Base */ = {isa = PBXFileReference; lastKnownFileType = file.storyboard; name = Base; path = Base.lproj/LaunchScreen.storyboard; sourceTree = "<group>"; };
		BA1824A220654743004405A3 /* Info.plist */ = {isa = PBXFileReference; lastKnownFileType = text.plist.xml; path = Info.plist; sourceTree = "<group>"; };
		BA1824AE20655E83004405A3 /* MoviesListViewController.swift */ = {isa = PBXFileReference; lastKnownFileType = sourcecode.swift; path = MoviesListViewController.swift; sourceTree = "<group>"; };
		BA1824B02065608D004405A3 /* MoviesListDataSource.swift */ = {isa = PBXFileReference; lastKnownFileType = sourcecode.swift; path = MoviesListDataSource.swift; sourceTree = "<group>"; };
		BA1824B320656154004405A3 /* MovieCollectionViewCell.swift */ = {isa = PBXFileReference; lastKnownFileType = sourcecode.swift; path = MovieCollectionViewCell.swift; sourceTree = "<group>"; };
		BA1824B5206562E0004405A3 /* MoviesListInteractor.swift */ = {isa = PBXFileReference; lastKnownFileType = sourcecode.swift; path = MoviesListInteractor.swift; sourceTree = "<group>"; };
		BA1824B7206563CF004405A3 /* MoviesListPresenter.swift */ = {isa = PBXFileReference; lastKnownFileType = sourcecode.swift; path = MoviesListPresenter.swift; sourceTree = "<group>"; };
		BA1824BA20656847004405A3 /* Genre.swift */ = {isa = PBXFileReference; lastKnownFileType = sourcecode.swift; path = Genre.swift; sourceTree = "<group>"; };
		BA1824BC2065684D004405A3 /* Movie.swift */ = {isa = PBXFileReference; lastKnownFileType = sourcecode.swift; path = Movie.swift; sourceTree = "<group>"; };
		BA1824BE206587C3004405A3 /* ImageFetcher.swift */ = {isa = PBXFileReference; lastKnownFileType = sourcecode.swift; path = ImageFetcher.swift; sourceTree = "<group>"; };
		BA1824C420658998004405A3 /* ReusableView.swift */ = {isa = PBXFileReference; lastKnownFileType = sourcecode.swift; path = ReusableView.swift; sourceTree = "<group>"; };
		BA1824C6206589B5004405A3 /* UIView+ReusableView.swift */ = {isa = PBXFileReference; lastKnownFileType = sourcecode.swift; path = "UIView+ReusableView.swift"; sourceTree = "<group>"; };
		BA1824C820658A01004405A3 /* UICollectionView+ReusableView.swift */ = {isa = PBXFileReference; lastKnownFileType = sourcecode.swift; path = "UICollectionView+ReusableView.swift"; sourceTree = "<group>"; };
		BA1824CA20658C53004405A3 /* UIScreen+Proportions.swift */ = {isa = PBXFileReference; lastKnownFileType = sourcecode.swift; path = "UIScreen+Proportions.swift"; sourceTree = "<group>"; };
		BA1824CC20658CB7004405A3 /* CGFloat+Proportions.swift */ = {isa = PBXFileReference; lastKnownFileType = sourcecode.swift; path = "CGFloat+Proportions.swift"; sourceTree = "<group>"; };
		BA1824CF20659035004405A3 /* UIColor+App.swift */ = {isa = PBXFileReference; lastKnownFileType = sourcecode.swift; path = "UIColor+App.swift"; sourceTree = "<group>"; };
/* End PBXFileReference section */

/* Begin PBXFrameworksBuildPhase section */
		BA18249020654743004405A3 /* Frameworks */ = {
			isa = PBXFrameworksBuildPhase;
			buildActionMask = 2147483647;
			files = (
			);
			runOnlyForDeploymentPostprocessing = 0;
		};
/* End PBXFrameworksBuildPhase section */

/* Begin PBXGroup section */
		62F1D33C206579670036977E /* Extensions */ = {
			isa = PBXGroup;
			children = (
				62F1D33A206579630036977E /* UIView+Layout.swift */,
				BA1824CA20658C53004405A3 /* UIScreen+Proportions.swift */,
				BA1824CC20658CB7004405A3 /* CGFloat+Proportions.swift */,
				62F1D34A206983690036977E /* Date+Formatter.swift */,
			);
			path = Extensions;
			sourceTree = "<group>";
		};
		6E141C072065A9390047D3A6 /* MovieDetail */ = {
			isa = PBXGroup;
			children = (
				6E141C082065A9500047D3A6 /* Views */,
				6E141C092065A9780047D3A6 /* MovieDetailViewController.swift */,
				6E141C0B2065AE760047D3A6 /* MovieDetailDataSource.swift */,
			);
			path = MovieDetail;
			sourceTree = "<group>";
		};
		6E141C082065A9500047D3A6 /* Views */ = {
			isa = PBXGroup;
			children = (
				6E141C0F2065B32D0047D3A6 /* MoviePosterTableViewCell.swift */,
				6E141C11206933F20047D3A6 /* MovieGenreTableViewCell.swift */,
				6E141C13206934100047D3A6 /* MovieOverviewTableViewCell.swift */,
			);
			path = Views;
			sourceTree = "<group>";
		};
		BA18248A20654743004405A3 = {
			isa = PBXGroup;
			children = (
				BA18249520654743004405A3 /* CsBootcamp */,
				BA18249420654743004405A3 /* Products */,
			);
			sourceTree = "<group>";
		};
		BA18249420654743004405A3 /* Products */ = {
			isa = PBXGroup;
			children = (
				BA18249320654743004405A3 /* CsBootcamp.app */,
			);
			name = Products;
			sourceTree = "<group>";
		};
		BA18249520654743004405A3 /* CsBootcamp */ = {
			isa = PBXGroup;
			children = (
				BA1824CE20659025004405A3 /* Colors */,
				BA1824C320658989004405A3 /* ReusableView */,
				BA1824C2206588F4004405A3 /* ImageFetcher */,
				BA1824B92065683E004405A3 /* Models */,
				BA1824AA20655E47004405A3 /* Scenes */,
				62F1D33C206579670036977E /* Extensions */,
				BA1824A8206547DB004405A3 /* Supporting Files */,
				BA18249620654743004405A3 /* AppDelegate.swift */,
			);
			path = CsBootcamp;
			sourceTree = "<group>";
		};
		BA1824A8206547DB004405A3 /* Supporting Files */ = {
			isa = PBXGroup;
			children = (
				BA18249D20654743004405A3 /* Assets.xcassets */,
				BA18249F20654743004405A3 /* LaunchScreen.storyboard */,
				BA1824A220654743004405A3 /* Info.plist */,
			);
			name = "Supporting Files";
			sourceTree = "<group>";
		};
		BA1824AA20655E47004405A3 /* Scenes */ = {
			isa = PBXGroup;
			children = (
				BA1824AB20655E55004405A3 /* MoviesList */,
				6E141C072065A9390047D3A6 /* MovieDetail */,
			);
			path = Scenes;
			sourceTree = "<group>";
		};
		BA1824AB20655E55004405A3 /* MoviesList */ = {
			isa = PBXGroup;
			children = (
				BA1824B220656140004405A3 /* Views */,
				BA1824AE20655E83004405A3 /* MoviesListViewController.swift */,
				BA1824B02065608D004405A3 /* MoviesListDataSource.swift */,
				BA1824B5206562E0004405A3 /* MoviesListInteractor.swift */,
				BA1824B7206563CF004405A3 /* MoviesListPresenter.swift */,
			);
			path = MoviesList;
			sourceTree = "<group>";
		};
		BA1824B220656140004405A3 /* Views */ = {
			isa = PBXGroup;
			children = (
				BA1824B320656154004405A3 /* MovieCollectionViewCell.swift */,
			);
			path = Views;
			sourceTree = "<group>";
		};
		BA1824B92065683E004405A3 /* Models */ = {
			isa = PBXGroup;
			children = (
				BA1824BA20656847004405A3 /* Genre.swift */,
				BA1824BC2065684D004405A3 /* Movie.swift */,
			);
			path = Models;
			sourceTree = "<group>";
		};
		BA1824C2206588F4004405A3 /* ImageFetcher */ = {
			isa = PBXGroup;
			children = (
				BA1824BE206587C3004405A3 /* ImageFetcher.swift */,
			);
			path = ImageFetcher;
			sourceTree = "<group>";
		};
		BA1824C320658989004405A3 /* ReusableView */ = {
			isa = PBXGroup;
			children = (
				BA1824C420658998004405A3 /* ReusableView.swift */,
				BA1824C6206589B5004405A3 /* UIView+ReusableView.swift */,
				BA1824C820658A01004405A3 /* UICollectionView+ReusableView.swift */,
				6E141C0D2065B0070047D3A6 /* UITableView+ReusableView.swift */,
			);
			path = ReusableView;
			sourceTree = "<group>";
		};
		BA1824CE20659025004405A3 /* Colors */ = {
			isa = PBXGroup;
			children = (
				BA1824CF20659035004405A3 /* UIColor+App.swift */,
			);
			path = Colors;
			sourceTree = "<group>";
		};
/* End PBXGroup section */

/* Begin PBXNativeTarget section */
		BA18249220654743004405A3 /* CsBootcamp */ = {
			isa = PBXNativeTarget;
			buildConfigurationList = BA1824A520654743004405A3 /* Build configuration list for PBXNativeTarget "CsBootcamp" */;
			buildPhases = (
				BA18248F20654743004405A3 /* Sources */,
				BA18249020654743004405A3 /* Frameworks */,
				BA18249120654743004405A3 /* Resources */,
			);
			buildRules = (
			);
			dependencies = (
			);
			name = CsBootcamp;
			productName = CsBootcamp;
			productReference = BA18249320654743004405A3 /* CsBootcamp.app */;
			productType = "com.apple.product-type.application";
		};
/* End PBXNativeTarget section */

/* Begin PBXProject section */
		BA18248B20654743004405A3 /* Project object */ = {
			isa = PBXProject;
			attributes = {
				LastSwiftUpdateCheck = 0920;
				LastUpgradeCheck = 0920;
				ORGANIZATIONNAME = Bootcampers;
				TargetAttributes = {
					BA18249220654743004405A3 = {
						CreatedOnToolsVersion = 9.2;
						ProvisioningStyle = Automatic;
					};
				};
			};
			buildConfigurationList = BA18248E20654743004405A3 /* Build configuration list for PBXProject "CsBootcamp" */;
			compatibilityVersion = "Xcode 8.0";
			developmentRegion = en;
			hasScannedForEncodings = 0;
			knownRegions = (
				en,
				Base,
			);
			mainGroup = BA18248A20654743004405A3;
			productRefGroup = BA18249420654743004405A3 /* Products */;
			projectDirPath = "";
			projectRoot = "";
			targets = (
				BA18249220654743004405A3 /* CsBootcamp */,
			);
		};
/* End PBXProject section */

/* Begin PBXResourcesBuildPhase section */
		BA18249120654743004405A3 /* Resources */ = {
			isa = PBXResourcesBuildPhase;
			buildActionMask = 2147483647;
			files = (
				BA1824A120654743004405A3 /* LaunchScreen.storyboard in Resources */,
				BA18249E20654743004405A3 /* Assets.xcassets in Resources */,
			);
			runOnlyForDeploymentPostprocessing = 0;
		};
/* End PBXResourcesBuildPhase section */

/* Begin PBXSourcesBuildPhase section */
		BA18248F20654743004405A3 /* Sources */ = {
			isa = PBXSourcesBuildPhase;
			buildActionMask = 2147483647;
			files = (
				BA18249720654743004405A3 /* AppDelegate.swift in Sources */,
				6E141C12206933F20047D3A6 /* MovieGenreTableViewCell.swift in Sources */,
				BA1824AF20655E83004405A3 /* MoviesListViewController.swift in Sources */,
				BA1824C7206589B5004405A3 /* UIView+ReusableView.swift in Sources */,
				BA1824B12065608D004405A3 /* MoviesListDataSource.swift in Sources */,
				BA1824B420656154004405A3 /* MovieCollectionViewCell.swift in Sources */,
				BA1824D020659035004405A3 /* UIColor+App.swift in Sources */,
				6E141C0A2065A9780047D3A6 /* MovieDetailViewController.swift in Sources */,
				6E141C0E2065B0070047D3A6 /* UITableView+ReusableView.swift in Sources */,
				BA1824CB20658C53004405A3 /* UIScreen+Proportions.swift in Sources */,
				6E141C14206934100047D3A6 /* MovieOverviewTableViewCell.swift in Sources */,
				BA1824C520658998004405A3 /* ReusableView.swift in Sources */,
				6E141C102065B32D0047D3A6 /* MoviePosterTableViewCell.swift in Sources */,
				BA1824C920658A01004405A3 /* UICollectionView+ReusableView.swift in Sources */,
				6E141C0C2065AE760047D3A6 /* MovieDetailDataSource.swift in Sources */,
				BA1824B6206562E0004405A3 /* MoviesListInteractor.swift in Sources */,
				BA1824CD20658CB7004405A3 /* CGFloat+Proportions.swift in Sources */,
				62F1D33B206579630036977E /* UIView+Layout.swift in Sources */,
				BA1824B8206563CF004405A3 /* MoviesListPresenter.swift in Sources */,
				BA1824BD2065684D004405A3 /* Movie.swift in Sources */,
				BA1824BB20656847004405A3 /* Genre.swift in Sources */,
				BA1824BF206587C3004405A3 /* ImageFetcher.swift in Sources */,
				62F1D34B206983690036977E /* Date+Formatter.swift in Sources */,
			);
			runOnlyForDeploymentPostprocessing = 0;
		};
/* End PBXSourcesBuildPhase section */

/* Begin PBXVariantGroup section */
		BA18249F20654743004405A3 /* LaunchScreen.storyboard */ = {
			isa = PBXVariantGroup;
			children = (
				BA1824A020654743004405A3 /* Base */,
			);
			name = LaunchScreen.storyboard;
			sourceTree = "<group>";
		};
/* End PBXVariantGroup section */

/* Begin XCBuildConfiguration section */
		BA1824A320654743004405A3 /* Debug */ = {
			isa = XCBuildConfiguration;
			buildSettings = {
				ALWAYS_SEARCH_USER_PATHS = NO;
				CLANG_ANALYZER_NONNULL = YES;
				CLANG_ANALYZER_NUMBER_OBJECT_CONVERSION = YES_AGGRESSIVE;
				CLANG_CXX_LANGUAGE_STANDARD = "gnu++14";
				CLANG_CXX_LIBRARY = "libc++";
				CLANG_ENABLE_MODULES = YES;
				CLANG_ENABLE_OBJC_ARC = YES;
				CLANG_WARN_BLOCK_CAPTURE_AUTORELEASING = YES;
				CLANG_WARN_BOOL_CONVERSION = YES;
				CLANG_WARN_COMMA = YES;
				CLANG_WARN_CONSTANT_CONVERSION = YES;
				CLANG_WARN_DIRECT_OBJC_ISA_USAGE = YES_ERROR;
				CLANG_WARN_DOCUMENTATION_COMMENTS = YES;
				CLANG_WARN_EMPTY_BODY = YES;
				CLANG_WARN_ENUM_CONVERSION = YES;
				CLANG_WARN_INFINITE_RECURSION = YES;
				CLANG_WARN_INT_CONVERSION = YES;
				CLANG_WARN_NON_LITERAL_NULL_CONVERSION = YES;
				CLANG_WARN_OBJC_LITERAL_CONVERSION = YES;
				CLANG_WARN_OBJC_ROOT_CLASS = YES_ERROR;
				CLANG_WARN_RANGE_LOOP_ANALYSIS = YES;
				CLANG_WARN_STRICT_PROTOTYPES = YES;
				CLANG_WARN_SUSPICIOUS_MOVE = YES;
				CLANG_WARN_UNGUARDED_AVAILABILITY = YES_AGGRESSIVE;
				CLANG_WARN_UNREACHABLE_CODE = YES;
				CLANG_WARN__DUPLICATE_METHOD_MATCH = YES;
				CODE_SIGN_IDENTITY = "iPhone Developer";
				COPY_PHASE_STRIP = NO;
				DEBUG_INFORMATION_FORMAT = dwarf;
				ENABLE_STRICT_OBJC_MSGSEND = YES;
				ENABLE_TESTABILITY = YES;
				GCC_C_LANGUAGE_STANDARD = gnu11;
				GCC_DYNAMIC_NO_PIC = NO;
				GCC_NO_COMMON_BLOCKS = YES;
				GCC_OPTIMIZATION_LEVEL = 0;
				GCC_PREPROCESSOR_DEFINITIONS = (
					"DEBUG=1",
					"$(inherited)",
				);
				GCC_WARN_64_TO_32_BIT_CONVERSION = YES;
				GCC_WARN_ABOUT_RETURN_TYPE = YES_ERROR;
				GCC_WARN_UNDECLARED_SELECTOR = YES;
				GCC_WARN_UNINITIALIZED_AUTOS = YES_AGGRESSIVE;
				GCC_WARN_UNUSED_FUNCTION = YES;
				GCC_WARN_UNUSED_VARIABLE = YES;
				IPHONEOS_DEPLOYMENT_TARGET = 11.2;
				MTL_ENABLE_DEBUG_INFO = YES;
				ONLY_ACTIVE_ARCH = YES;
				SDKROOT = iphoneos;
				SWIFT_ACTIVE_COMPILATION_CONDITIONS = DEBUG;
				SWIFT_OPTIMIZATION_LEVEL = "-Onone";
			};
			name = Debug;
		};
		BA1824A420654743004405A3 /* Release */ = {
			isa = XCBuildConfiguration;
			buildSettings = {
				ALWAYS_SEARCH_USER_PATHS = NO;
				CLANG_ANALYZER_NONNULL = YES;
				CLANG_ANALYZER_NUMBER_OBJECT_CONVERSION = YES_AGGRESSIVE;
				CLANG_CXX_LANGUAGE_STANDARD = "gnu++14";
				CLANG_CXX_LIBRARY = "libc++";
				CLANG_ENABLE_MODULES = YES;
				CLANG_ENABLE_OBJC_ARC = YES;
				CLANG_WARN_BLOCK_CAPTURE_AUTORELEASING = YES;
				CLANG_WARN_BOOL_CONVERSION = YES;
				CLANG_WARN_COMMA = YES;
				CLANG_WARN_CONSTANT_CONVERSION = YES;
				CLANG_WARN_DIRECT_OBJC_ISA_USAGE = YES_ERROR;
				CLANG_WARN_DOCUMENTATION_COMMENTS = YES;
				CLANG_WARN_EMPTY_BODY = YES;
				CLANG_WARN_ENUM_CONVERSION = YES;
				CLANG_WARN_INFINITE_RECURSION = YES;
				CLANG_WARN_INT_CONVERSION = YES;
				CLANG_WARN_NON_LITERAL_NULL_CONVERSION = YES;
				CLANG_WARN_OBJC_LITERAL_CONVERSION = YES;
				CLANG_WARN_OBJC_ROOT_CLASS = YES_ERROR;
				CLANG_WARN_RANGE_LOOP_ANALYSIS = YES;
				CLANG_WARN_STRICT_PROTOTYPES = YES;
				CLANG_WARN_SUSPICIOUS_MOVE = YES;
				CLANG_WARN_UNGUARDED_AVAILABILITY = YES_AGGRESSIVE;
				CLANG_WARN_UNREACHABLE_CODE = YES;
				CLANG_WARN__DUPLICATE_METHOD_MATCH = YES;
				CODE_SIGN_IDENTITY = "iPhone Developer";
				COPY_PHASE_STRIP = NO;
				DEBUG_INFORMATION_FORMAT = "dwarf-with-dsym";
				ENABLE_NS_ASSERTIONS = NO;
				ENABLE_STRICT_OBJC_MSGSEND = YES;
				GCC_C_LANGUAGE_STANDARD = gnu11;
				GCC_NO_COMMON_BLOCKS = YES;
				GCC_WARN_64_TO_32_BIT_CONVERSION = YES;
				GCC_WARN_ABOUT_RETURN_TYPE = YES_ERROR;
				GCC_WARN_UNDECLARED_SELECTOR = YES;
				GCC_WARN_UNINITIALIZED_AUTOS = YES_AGGRESSIVE;
				GCC_WARN_UNUSED_FUNCTION = YES;
				GCC_WARN_UNUSED_VARIABLE = YES;
				IPHONEOS_DEPLOYMENT_TARGET = 11.2;
				MTL_ENABLE_DEBUG_INFO = NO;
				SDKROOT = iphoneos;
				SWIFT_OPTIMIZATION_LEVEL = "-Owholemodule";
				VALIDATE_PRODUCT = YES;
			};
			name = Release;
		};
		BA1824A620654743004405A3 /* Debug */ = {
			isa = XCBuildConfiguration;
			buildSettings = {
				ASSETCATALOG_COMPILER_APPICON_NAME = AppIcon;
				CODE_SIGN_STYLE = Automatic;
				DEVELOPMENT_TEAM = 83C3V38WSB;
				INFOPLIST_FILE = CsBootcamp/Info.plist;
				LD_RUNPATH_SEARCH_PATHS = "$(inherited) @executable_path/Frameworks";
				PRODUCT_BUNDLE_IDENTIFIER = cs.CsBootcamp;
				PRODUCT_NAME = "$(TARGET_NAME)";
				SWIFT_VERSION = 4.0;
				TARGETED_DEVICE_FAMILY = "1,2";
			};
			name = Debug;
		};
		BA1824A720654743004405A3 /* Release */ = {
			isa = XCBuildConfiguration;
			buildSettings = {
				ASSETCATALOG_COMPILER_APPICON_NAME = AppIcon;
				CODE_SIGN_STYLE = Automatic;
				DEVELOPMENT_TEAM = 83C3V38WSB;
				INFOPLIST_FILE = CsBootcamp/Info.plist;
				LD_RUNPATH_SEARCH_PATHS = "$(inherited) @executable_path/Frameworks";
				PRODUCT_BUNDLE_IDENTIFIER = cs.CsBootcamp;
				PRODUCT_NAME = "$(TARGET_NAME)";
				SWIFT_VERSION = 4.0;
				TARGETED_DEVICE_FAMILY = "1,2";
			};
			name = Release;
		};
/* End XCBuildConfiguration section */

/* Begin XCConfigurationList section */
		BA18248E20654743004405A3 /* Build configuration list for PBXProject "CsBootcamp" */ = {
			isa = XCConfigurationList;
			buildConfigurations = (
				BA1824A320654743004405A3 /* Debug */,
				BA1824A420654743004405A3 /* Release */,
			);
			defaultConfigurationIsVisible = 0;
			defaultConfigurationName = Release;
		};
		BA1824A520654743004405A3 /* Build configuration list for PBXNativeTarget "CsBootcamp" */ = {
			isa = XCConfigurationList;
			buildConfigurations = (
				BA1824A620654743004405A3 /* Debug */,
				BA1824A720654743004405A3 /* Release */,
			);
			defaultConfigurationIsVisible = 0;
			defaultConfigurationName = Release;
		};
/* End XCConfigurationList section */
	};
	rootObject = BA18248B20654743004405A3 /* Project object */;
}
